
Microsoft Visual Studio Solution File, Format Version 10.00
# Visual C# Express 2008
Project("{FAE04EC0-301F-11D3-BF4B-00C04F79EFBC}") = "artProjectPort", "artProjectPort\artProjectPort.csproj", "{73B140BD-DA88-49F4-9BFC-3BA4F22AFBBF}"
EndProject
Global
	GlobalSection(SolutionConfigurationPlatforms) = preSolution
		Debug|Any CPU = Debug|Any CPU
		Release|Any CPU = Release|Any CPU
	EndGlobalSection
	GlobalSection(ProjectConfigurationPlatforms) = postSolution
		{73B140BD-DA88-49F4-9BFC-3BA4F22AFBBF}.Debug|Any CPU.ActiveCfg = Debug|Any CPU
		{73B140BD-DA88-49F4-9BFC-3BA4F22AFBBF}.Debug|Any CPU.Build.0 = Debug|Any CPU
		{73B140BD-DA88-49F4-9BFC-3BA4F22AFBBF}.Release|Any CPU.ActiveCfg = Release|Any CPU
		{73B140BD-DA88-49F4-9BFC-3BA4F22AFBBF}.Release|Any CPU.Build.0 = Release|Any CPU
	EndGlobalSection
	GlobalSection(SolutionProperties) = preSolution
		HideSolutionNode = FALSE
	EndGlobalSection
EndGlobal
